// !$*UTF8*$!
{
	archiveVersion = 1;
	classes = {
	};
	objectVersion = 56;
	objects = {

/* Begin PBXBuildFile section */
		457AB3A52A5B12B000DA3256 /* JoggleApp.swift in Sources */ = {isa = PBXBuildFile; fileRef = 457AB3A42A5B12B000DA3256 /* JoggleApp.swift */; };
		457AB3A72A5B12B000DA3256 /* ContentView.swift in Sources */ = {isa = PBXBuildFile; fileRef = 457AB3A62A5B12B000DA3256 /* ContentView.swift */; };
		457AB3A92A5B12B300DA3256 /* Assets.xcassets in Resources */ = {isa = PBXBuildFile; fileRef = 457AB3A82A5B12B300DA3256 /* Assets.xcassets */; };
		457AB3AC2A5B12B300DA3256 /* Preview Assets.xcassets in Resources */ = {isa = PBXBuildFile; fileRef = 457AB3AB2A5B12B300DA3256 /* Preview Assets.xcassets */; };
		457AB3B32A5B145400DA3256 /* LetterGridView.swift in Sources */ = {isa = PBXBuildFile; fileRef = 457AB3B22A5B145400DA3256 /* LetterGridView.swift */; };
		457AB3B52A5B1B4E00DA3256 /* LetterView.swift in Sources */ = {isa = PBXBuildFile; fileRef = 457AB3B42A5B1B4E00DA3256 /* LetterView.swift */; };
		457AB3B72A5B34F000DA3256 /* Player.swift in Sources */ = {isa = PBXBuildFile; fileRef = 457AB3B62A5B34F000DA3256 /* Player.swift */; };
		457AB3B92A5B381200DA3256 /* Game.swift in Sources */ = {isa = PBXBuildFile; fileRef = 457AB3B82A5B381200DA3256 /* Game.swift */; };
		457AB3BB2A5B446900DA3256 /* dictionary.txt in Resources */ = {isa = PBXBuildFile; fileRef = 457AB3BA2A5B446900DA3256 /* dictionary.txt */; };
		457AB3BD2A5B530D00DA3256 /* Dictionary.swift in Sources */ = {isa = PBXBuildFile; fileRef = 457AB3BC2A5B530D00DA3256 /* Dictionary.swift */; };
		457B357E2AA262CB00D2D156 /* String-Scoring.swift in Sources */ = {isa = PBXBuildFile; fileRef = 457B357D2AA262CB00D2D156 /* String-Scoring.swift */; };
		457B35802AA2630C00D2D156 /* PlayerResults.swift in Sources */ = {isa = PBXBuildFile; fileRef = 457B357F2AA2630C00D2D156 /* PlayerResults.swift */; };
		457B35822AA265AE00D2D156 /* ResultsView.swift in Sources */ = {isa = PBXBuildFile; fileRef = 457B35812AA265AE00D2D156 /* ResultsView.swift */; };
/* End PBXBuildFile section */

/* Begin PBXFileReference section */
		457AB3A12A5B12B000DA3256 /* Joggle.app */ = {isa = PBXFileReference; explicitFileType = wrapper.application; includeInIndex = 0; path = Joggle.app; sourceTree = BUILT_PRODUCTS_DIR; };
		457AB3A42A5B12B000DA3256 /* JoggleApp.swift */ = {isa = PBXFileReference; lastKnownFileType = sourcecode.swift; path = JoggleApp.swift; sourceTree = "<group>"; };
		457AB3A62A5B12B000DA3256 /* ContentView.swift */ = {isa = PBXFileReference; lastKnownFileType = sourcecode.swift; path = ContentView.swift; sourceTree = "<group>"; };
		457AB3A82A5B12B300DA3256 /* Assets.xcassets */ = {isa = PBXFileReference; lastKnownFileType = folder.assetcatalog; path = Assets.xcassets; sourceTree = "<group>"; };
		457AB3AB2A5B12B300DA3256 /* Preview Assets.xcassets */ = {isa = PBXFileReference; lastKnownFileType = folder.assetcatalog; path = "Preview Assets.xcassets"; sourceTree = "<group>"; };
		457AB3B22A5B145400DA3256 /* LetterGridView.swift */ = {isa = PBXFileReference; lastKnownFileType = sourcecode.swift; path = LetterGridView.swift; sourceTree = "<group>"; };
		457AB3B42A5B1B4E00DA3256 /* LetterView.swift */ = {isa = PBXFileReference; lastKnownFileType = sourcecode.swift; path = LetterView.swift; sourceTree = "<group>"; };
		457AB3B62A5B34F000DA3256 /* Player.swift */ = {isa = PBXFileReference; lastKnownFileType = sourcecode.swift; path = Player.swift; sourceTree = "<group>"; };
		457AB3B82A5B381200DA3256 /* Game.swift */ = {isa = PBXFileReference; lastKnownFileType = sourcecode.swift; path = Game.swift; sourceTree = "<group>"; };
		457AB3BA2A5B446900DA3256 /* dictionary.txt */ = {isa = PBXFileReference; fileEncoding = 4; lastKnownFileType = text; path = dictionary.txt; sourceTree = "<group>"; };
		457AB3BC2A5B530D00DA3256 /* Dictionary.swift */ = {isa = PBXFileReference; lastKnownFileType = sourcecode.swift; path = Dictionary.swift; sourceTree = "<group>"; };
		457B357D2AA262CB00D2D156 /* String-Scoring.swift */ = {isa = PBXFileReference; lastKnownFileType = sourcecode.swift; path = "String-Scoring.swift"; sourceTree = "<group>"; };
		457B357F2AA2630C00D2D156 /* PlayerResults.swift */ = {isa = PBXFileReference; lastKnownFileType = sourcecode.swift; path = PlayerResults.swift; sourceTree = "<group>"; };
		457B35812AA265AE00D2D156 /* ResultsView.swift */ = {isa = PBXFileReference; lastKnownFileType = sourcecode.swift; path = ResultsView.swift; sourceTree = "<group>"; };
/* End PBXFileReference section */

/* Begin PBXFrameworksBuildPhase section */
		457AB39E2A5B12B000DA3256 /* Frameworks */ = {
			isa = PBXFrameworksBuildPhase;
			buildActionMask = 2147483647;
			files = (
			);
			runOnlyForDeploymentPostprocessing = 0;
		};
/* End PBXFrameworksBuildPhase section */

/* Begin PBXGroup section */
		457AB3982A5B12B000DA3256 = {
			isa = PBXGroup;
			children = (
				457AB3A32A5B12B000DA3256 /* Joggle */,
				457AB3A22A5B12B000DA3256 /* Products */,
			);
			sourceTree = "<group>";
		};
		457AB3A22A5B12B000DA3256 /* Products */ = {
			isa = PBXGroup;
			children = (
				457AB3A12A5B12B000DA3256 /* Joggle.app */,
			);
			name = Products;
			sourceTree = "<group>";
		};
		457AB3A32A5B12B000DA3256 /* Joggle */ = {
			isa = PBXGroup;
			children = (
				457AB3A42A5B12B000DA3256 /* JoggleApp.swift */,
				457AB3A62A5B12B000DA3256 /* ContentView.swift */,
				457B357D2AA262CB00D2D156 /* String-Scoring.swift */,
				457B357F2AA2630C00D2D156 /* PlayerResults.swift */,
				457B35812AA265AE00D2D156 /* ResultsView.swift */,
				457AB3B62A5B34F000DA3256 /* Player.swift */,
				457AB3BC2A5B530D00DA3256 /* Dictionary.swift */,
				457AB3B82A5B381200DA3256 /* Game.swift */,
				457AB3B22A5B145400DA3256 /* LetterGridView.swift */,
				457AB3B42A5B1B4E00DA3256 /* LetterView.swift */,
				457AB3BA2A5B446900DA3256 /* dictionary.txt */,
				457AB3A82A5B12B300DA3256 /* Assets.xcassets */,
				457AB3AA2A5B12B300DA3256 /* Preview Content */,
			);
			path = Joggle;
			sourceTree = "<group>";
		};
		457AB3AA2A5B12B300DA3256 /* Preview Content */ = {
			isa = PBXGroup;
			children = (
				457AB3AB2A5B12B300DA3256 /* Preview Assets.xcassets */,
			);
			path = "Preview Content";
			sourceTree = "<group>";
		};
/* End PBXGroup section */

/* Begin PBXNativeTarget section */
		457AB3A02A5B12B000DA3256 /* Joggle */ = {
			isa = PBXNativeTarget;
			buildConfigurationList = 457AB3AF2A5B12B300DA3256 /* Build configuration list for PBXNativeTarget "Joggle" */;
			buildPhases = (
				457AB39D2A5B12B000DA3256 /* Sources */,
				457AB39E2A5B12B000DA3256 /* Frameworks */,
				457AB39F2A5B12B000DA3256 /* Resources */,
			);
			buildRules = (
			);
			dependencies = (
			);
			name = Joggle;
			productName = Joggle;
			productReference = 457AB3A12A5B12B000DA3256 /* Joggle.app */;
			productType = "com.apple.product-type.application";
		};
/* End PBXNativeTarget section */

/* Begin PBXProject section */
		457AB3992A5B12B000DA3256 /* Project object */ = {
			isa = PBXProject;
			attributes = {
				BuildIndependentTargetsInParallel = 1;
				LastSwiftUpdateCheck = 1500;
				LastUpgradeCheck = 1500;
				TargetAttributes = {
					457AB3A02A5B12B000DA3256 = {
						CreatedOnToolsVersion = 15.0;
					};
				};
			};
			buildConfigurationList = 457AB39C2A5B12B000DA3256 /* Build configuration list for PBXProject "Joggle" */;
			compatibilityVersion = "Xcode 14.0";
			developmentRegion = en;
			hasScannedForEncodings = 0;
			knownRegions = (
				en,
				Base,
			);
			mainGroup = 457AB3982A5B12B000DA3256;
			productRefGroup = 457AB3A22A5B12B000DA3256 /* Products */;
			projectDirPath = "";
			projectRoot = "";
			targets = (
				457AB3A02A5B12B000DA3256 /* Joggle */,
			);
		};
/* End PBXProject section */

/* Begin PBXResourcesBuildPhase section */
		457AB39F2A5B12B000DA3256 /* Resources */ = {
			isa = PBXResourcesBuildPhase;
			buildActionMask = 2147483647;
			files = (
				457AB3BB2A5B446900DA3256 /* dictionary.txt in Resources */,
				457AB3AC2A5B12B300DA3256 /* Preview Assets.xcassets in Resources */,
				457AB3A92A5B12B300DA3256 /* Assets.xcassets in Resources */,
			);
			runOnlyForDeploymentPostprocessing = 0;
		};
/* End PBXResourcesBuildPhase section */

/* Begin PBXSourcesBuildPhase section */
		457AB39D2A5B12B000DA3256 /* Sources */ = {
			isa = PBXSourcesBuildPhase;
			buildActionMask = 2147483647;
			files = (
				457B357E2AA262CB00D2D156 /* String-Scoring.swift in Sources */,
				457AB3A72A5B12B000DA3256 /* ContentView.swift in Sources */,
				457AB3B92A5B381200DA3256 /* Game.swift in Sources */,
				457B35822AA265AE00D2D156 /* ResultsView.swift in Sources */,
				457AB3A52A5B12B000DA3256 /* JoggleApp.swift in Sources */,
				457AB3B52A5B1B4E00DA3256 /* LetterView.swift in Sources */,
				457AB3BD2A5B530D00DA3256 /* Dictionary.swift in Sources */,
				457B35802AA2630C00D2D156 /* PlayerResults.swift in Sources */,
				457AB3B72A5B34F000DA3256 /* Player.swift in Sources */,
				457AB3B32A5B145400DA3256 /* LetterGridView.swift in Sources */,
			);
			runOnlyForDeploymentPostprocessing = 0;
		};
/* End PBXSourcesBuildPhase section */

/* Begin XCBuildConfiguration section */
		457AB3AD2A5B12B300DA3256 /* Debug */ = {
			isa = XCBuildConfiguration;
			buildSettings = {
				ALWAYS_SEARCH_USER_PATHS = NO;
				ASSETCATALOG_COMPILER_GENERATE_SWIFT_ASSET_SYMBOL_EXTENSIONS = YES;
				CLANG_ANALYZER_NONNULL = YES;
				CLANG_ANALYZER_NUMBER_OBJECT_CONVERSION = YES_AGGRESSIVE;
				CLANG_CXX_LANGUAGE_STANDARD = "gnu++20";
				CLANG_ENABLE_MODULES = YES;
				CLANG_ENABLE_OBJC_ARC = YES;
				CLANG_ENABLE_OBJC_WEAK = YES;
				CLANG_WARN_BLOCK_CAPTURE_AUTORELEASING = YES;
				CLANG_WARN_BOOL_CONVERSION = YES;
				CLANG_WARN_COMMA = YES;
				CLANG_WARN_CONSTANT_CONVERSION = YES;
				CLANG_WARN_DEPRECATED_OBJC_IMPLEMENTATIONS = YES;
				CLANG_WARN_DIRECT_OBJC_ISA_USAGE = YES_ERROR;
				CLANG_WARN_DOCUMENTATION_COMMENTS = YES;
				CLANG_WARN_EMPTY_BODY = YES;
				CLANG_WARN_ENUM_CONVERSION = YES;
				CLANG_WARN_INFINITE_RECURSION = YES;
				CLANG_WARN_INT_CONVERSION = YES;
				CLANG_WARN_NON_LITERAL_NULL_CONVERSION = YES;
				CLANG_WARN_OBJC_IMPLICIT_RETAIN_SELF = YES;
				CLANG_WARN_OBJC_LITERAL_CONVERSION = YES;
				CLANG_WARN_OBJC_ROOT_CLASS = YES_ERROR;
				CLANG_WARN_QUOTED_INCLUDE_IN_FRAMEWORK_HEADER = YES;
				CLANG_WARN_RANGE_LOOP_ANALYSIS = YES;
				CLANG_WARN_STRICT_PROTOTYPES = YES;
				CLANG_WARN_SUSPICIOUS_MOVE = YES;
				CLANG_WARN_UNGUARDED_AVAILABILITY = YES_AGGRESSIVE;
				CLANG_WARN_UNREACHABLE_CODE = YES;
				CLANG_WARN__DUPLICATE_METHOD_MATCH = YES;
				COPY_PHASE_STRIP = NO;
				DEBUG_INFORMATION_FORMAT = dwarf;
				ENABLE_STRICT_OBJC_MSGSEND = YES;
				ENABLE_TESTABILITY = YES;
				ENABLE_USER_SCRIPT_SANDBOXING = YES;
				GCC_C_LANGUAGE_STANDARD = gnu17;
				GCC_DYNAMIC_NO_PIC = NO;
				GCC_NO_COMMON_BLOCKS = YES;
				GCC_OPTIMIZATION_LEVEL = 0;
				GCC_PREPROCESSOR_DEFINITIONS = (
					"DEBUG=1",
					"$(inherited)",
				);
				GCC_WARN_64_TO_32_BIT_CONVERSION = YES;
				GCC_WARN_ABOUT_RETURN_TYPE = YES_ERROR;
				GCC_WARN_UNDECLARED_SELECTOR = YES;
				GCC_WARN_UNINITIALIZED_AUTOS = YES_AGGRESSIVE;
				GCC_WARN_UNUSED_FUNCTION = YES;
				GCC_WARN_UNUSED_VARIABLE = YES;
				IPHONEOS_DEPLOYMENT_TARGET = 17.0;
				LOCALIZATION_PREFERS_STRING_CATALOGS = YES;
				MTL_ENABLE_DEBUG_INFO = INCLUDE_SOURCE;
				MTL_FAST_MATH = YES;
				ONLY_ACTIVE_ARCH = YES;
				SDKROOT = iphoneos;
				SWIFT_ACTIVE_COMPILATION_CONDITIONS = "DEBUG $(inherited)";
				SWIFT_OPTIMIZATION_LEVEL = "-Onone";
			};
			name = Debug;
		};
		457AB3AE2A5B12B300DA3256 /* Release */ = {
			isa = XCBuildConfiguration;
			buildSettings = {
				ALWAYS_SEARCH_USER_PATHS = NO;
				ASSETCATALOG_COMPILER_GENERATE_SWIFT_ASSET_SYMBOL_EXTENSIONS = YES;
				CLANG_ANALYZER_NONNULL = YES;
				CLANG_ANALYZER_NUMBER_OBJECT_CONVERSION = YES_AGGRESSIVE;
				CLANG_CXX_LANGUAGE_STANDARD = "gnu++20";
				CLANG_ENABLE_MODULES = YES;
				CLANG_ENABLE_OBJC_ARC = YES;
				CLANG_ENABLE_OBJC_WEAK = YES;
				CLANG_WARN_BLOCK_CAPTURE_AUTORELEASING = YES;
				CLANG_WARN_BOOL_CONVERSION = YES;
				CLANG_WARN_COMMA = YES;
				CLANG_WARN_CONSTANT_CONVERSION = YES;
				CLANG_WARN_DEPRECATED_OBJC_IMPLEMENTATIONS = YES;
				CLANG_WARN_DIRECT_OBJC_ISA_USAGE = YES_ERROR;
				CLANG_WARN_DOCUMENTATION_COMMENTS = YES;
				CLANG_WARN_EMPTY_BODY = YES;
				CLANG_WARN_ENUM_CONVERSION = YES;
				CLANG_WARN_INFINITE_RECURSION = YES;
				CLANG_WARN_INT_CONVERSION = YES;
				CLANG_WARN_NON_LITERAL_NULL_CONVERSION = YES;
				CLANG_WARN_OBJC_IMPLICIT_RETAIN_SELF = YES;
				CLANG_WARN_OBJC_LITERAL_CONVERSION = YES;
				CLANG_WARN_OBJC_ROOT_CLASS = YES_ERROR;
				CLANG_WARN_QUOTED_INCLUDE_IN_FRAMEWORK_HEADER = YES;
				CLANG_WARN_RANGE_LOOP_ANALYSIS = YES;
				CLANG_WARN_STRICT_PROTOTYPES = YES;
				CLANG_WARN_SUSPICIOUS_MOVE = YES;
				CLANG_WARN_UNGUARDED_AVAILABILITY = YES_AGGRESSIVE;
				CLANG_WARN_UNREACHABLE_CODE = YES;
				CLANG_WARN__DUPLICATE_METHOD_MATCH = YES;
				COPY_PHASE_STRIP = NO;
				DEBUG_INFORMATION_FORMAT = "dwarf-with-dsym";
				ENABLE_NS_ASSERTIONS = NO;
				ENABLE_STRICT_OBJC_MSGSEND = YES;
				ENABLE_USER_SCRIPT_SANDBOXING = YES;
				GCC_C_LANGUAGE_STANDARD = gnu17;
				GCC_NO_COMMON_BLOCKS = YES;
				GCC_WARN_64_TO_32_BIT_CONVERSION = YES;
				GCC_WARN_ABOUT_RETURN_TYPE = YES_ERROR;
				GCC_WARN_UNDECLARED_SELECTOR = YES;
				GCC_WARN_UNINITIALIZED_AUTOS = YES_AGGRESSIVE;
				GCC_WARN_UNUSED_FUNCTION = YES;
				GCC_WARN_UNUSED_VARIABLE = YES;
				IPHONEOS_DEPLOYMENT_TARGET = 17.0;
				LOCALIZATION_PREFERS_STRING_CATALOGS = YES;
				MTL_ENABLE_DEBUG_INFO = NO;
				MTL_FAST_MATH = YES;
				SDKROOT = iphoneos;
				SWIFT_COMPILATION_MODE = wholemodule;
				VALIDATE_PRODUCT = YES;
			};
			name = Release;
		};
		457AB3B02A5B12B300DA3256 /* Debug */ = {
			isa = XCBuildConfiguration;
			buildSettings = {
				ASSETCATALOG_COMPILER_APPICON_NAME = AppIcon;
				ASSETCATALOG_COMPILER_GLOBAL_ACCENT_COLOR_NAME = AccentColor;
				CODE_SIGN_STYLE = Automatic;
				CURRENT_PROJECT_VERSION = 1;
				DEVELOPMENT_ASSET_PATHS = "\"Joggle/Preview Content\"";
				DEVELOPMENT_TEAM = 934ZDCDQ72;
				ENABLE_PREVIEWS = YES;
				GENERATE_INFOPLIST_FILE = YES;
				INFOPLIST_KEY_UIApplicationSceneManifest_Generation = YES;
				INFOPLIST_KEY_UIApplicationSupportsIndirectInputEvents = YES;
				INFOPLIST_KEY_UILaunchScreen_Generation = YES;
				INFOPLIST_KEY_UISupportedInterfaceOrientations_iPad = "UIInterfaceOrientationPortrait UIInterfaceOrientationPortraitUpsideDown UIInterfaceOrientationLandscapeLeft UIInterfaceOrientationLandscapeRight";
				INFOPLIST_KEY_UISupportedInterfaceOrientations_iPhone = "UIInterfaceOrientationPortrait UIInterfaceOrientationLandscapeLeft UIInterfaceOrientationLandscapeRight";
				LD_RUNPATH_SEARCH_PATHS = (
					"$(inherited)",
					"@executable_path/Frameworks",
				);
				MARKETING_VERSION = 1.0;
				PRODUCT_BUNDLE_IDENTIFIER = me.Martinez.Robert.Joggle;
				PRODUCT_NAME = "$(TARGET_NAME)";
				SWIFT_EMIT_LOC_STRINGS = YES;
				SWIFT_VERSION = 5.0;
				TARGETED_DEVICE_FAMILY = "1,2";
			};
			name = Debug;
		};
		457AB3B12A5B12B300DA3256 /* Release */ = {
			isa = XCBuildConfiguration;
			buildSettings = {
				ASSETCATALOG_COMPILER_APPICON_NAME = AppIcon;
				ASSETCATALOG_COMPILER_GLOBAL_ACCENT_COLOR_NAME = AccentColor;
				CODE_SIGN_STYLE = Automatic;
				CURRENT_PROJECT_VERSION = 1;
				DEVELOPMENT_ASSET_PATHS = "\"Joggle/Preview Content\"";
				DEVELOPMENT_TEAM = 934ZDCDQ72;
				ENABLE_PREVIEWS = YES;
				GENERATE_INFOPLIST_FILE = YES;
				INFOPLIST_KEY_UIApplicationSceneManifest_Generation = YES;
				INFOPLIST_KEY_UIApplicationSupportsIndirectInputEvents = YES;
				INFOPLIST_KEY_UILaunchScreen_Generation = YES;
				INFOPLIST_KEY_UISupportedInterfaceOrientations_iPad = "UIInterfaceOrientationPortrait UIInterfaceOrientationPortraitUpsideDown UIInterfaceOrientationLandscapeLeft UIInterfaceOrientationLandscapeRight";
				INFOPLIST_KEY_UISupportedInterfaceOrientations_iPhone = "UIInterfaceOrientationPortrait UIInterfaceOrientationLandscapeLeft UIInterfaceOrientationLandscapeRight";
				LD_RUNPATH_SEARCH_PATHS = (
					"$(inherited)",
					"@executable_path/Frameworks",
				);
				MARKETING_VERSION = 1.0;
				PRODUCT_BUNDLE_IDENTIFIER = me.Martinez.Robert.Joggle;
				PRODUCT_NAME = "$(TARGET_NAME)";
				SWIFT_EMIT_LOC_STRINGS = YES;
				SWIFT_VERSION = 5.0;
				TARGETED_DEVICE_FAMILY = "1,2";
			};
			name = Release;
		};
/* End XCBuildConfiguration section */

/* Begin XCConfigurationList section */
		457AB39C2A5B12B000DA3256 /* Build configuration list for PBXProject "Joggle" */ = {
			isa = XCConfigurationList;
			buildConfigurations = (
				457AB3AD2A5B12B300DA3256 /* Debug */,
				457AB3AE2A5B12B300DA3256 /* Release */,
			);
			defaultConfigurationIsVisible = 0;
			defaultConfigurationName = Release;
		};
		457AB3AF2A5B12B300DA3256 /* Build configuration list for PBXNativeTarget "Joggle" */ = {
			isa = XCConfigurationList;
			buildConfigurations = (
				457AB3B02A5B12B300DA3256 /* Debug */,
				457AB3B12A5B12B300DA3256 /* Release */,
			);
			defaultConfigurationIsVisible = 0;
			defaultConfigurationName = Release;
		};
/* End XCConfigurationList section */
	};
	rootObject = 457AB3992A5B12B000DA3256 /* Project object */;
}
